
Microsoft Visual Studio Solution File, Format Version 12.00
# Visual Studio Version 17
VisualStudioVersion = 17.0.32014.148
MinimumVisualStudioVersion = 10.0.40219.1
Project("{FAE04EC0-301F-11D3-BF4B-00C04F79EFBC}") = "PruebaPersonal", "PruebaPersonal\PruebaPersonal.csproj", "{E8D82647-0EE7-4114-BE41-6EB954320F11}"
EndProject
Global
	GlobalSection(SolutionConfigurationPlatforms) = preSolution
		Debug|Any CPU = Debug|Any CPU
		Release|Any CPU = Release|Any CPU
	EndGlobalSection
	GlobalSection(ProjectConfigurationPlatforms) = postSolution
		{E8D82647-0EE7-4114-BE41-6EB954320F11}.Debug|Any CPU.ActiveCfg = Debug|Any CPU
		{E8D82647-0EE7-4114-BE41-6EB954320F11}.Debug|Any CPU.Build.0 = Debug|Any CPU
		{E8D82647-0EE7-4114-BE41-6EB954320F11}.Release|Any CPU.ActiveCfg = Release|Any CPU
		{E8D82647-0EE7-4114-BE41-6EB954320F11}.Release|Any CPU.Build.0 = Release|Any CPU
	EndGlobalSection
	GlobalSection(SolutionProperties) = preSolution
		HideSolutionNode = FALSE
	EndGlobalSection
	GlobalSection(ExtensibilityGlobals) = postSolution
		SolutionGuid = {99633996-D126-4CA0-BA50-929724B5E86A}
	EndGlobalSection
EndGlobal
